{
  "originHash" : "724a7e39b96f93e20b0ccf062075d3e9b42cffaa00fb1744b35833ebceba9302",
  "pins" : [
    {
      "identity" : "kingfisher",
      "kind" : "remoteSourceControl",
      "location" : "https://github.com/onevcat/Kingfisher.git",
      "state" : {
        "revision" : "4a2333d471e6aa671cbea6ed0c884eac4d90d6fb",
        "version" : "8.0.1"
      }
    }
  ],
  "version" : 3
}
