{
  "originHash" : "396ee74b8bfbea64a06f6641c84cf9bf946c6681412d74e0d441275e6d1cb97c",
  "pins" : [
    {
      "identity" : "kingfisher",
      "kind" : "remoteSourceControl",
      "location" : "https://github.com/onevcat/Kingfisher.git",
      "state" : {
        "revision" : "e6749919f9761d573d37a7d7e78b1b854c191d7f",
        "version" : "8.1.3"
      }
    }
  ],
  "version" : 3
}
